
Microsoft Visual Studio Solution File, Format Version 12.00
# Visual Studio Version 16
VisualStudioVersion = 16.0.30907.101
MinimumVisualStudioVersion = 15.0.26124.0
Project("{2150E333-8FDC-42A3-9474-1A3956D46DE8}") = "Source", "Source", "{AC36A650-14DF-400E-A49D-5BBD4AC0A286}"
EndProject
Project("{2150E333-8FDC-42A3-9474-1A3956D46DE8}") = "Demos", "Demos", "{250E788E-C4A2-4DC9-BC44-BBEC4D03DFB4}"
EndProject
Project("{9A19103F-16F7-4668-BE54-9A1E7A4F7556}") = "VectorsMath", "Demos\VectorsMath\VectorsMath.csproj", "{F7B82328-E811-42B7-98B2-F99EFA3048C5}"
EndProject
Project("{9A19103F-16F7-4668-BE54-9A1E7A4F7556}") = "Noises", "Demos\Noises\Noises.csproj", "{7AD6BD79-E369-4345-866E-CA4DE6D1E2D2}"
EndProject
Project("{9A19103F-16F7-4668-BE54-9A1E7A4F7556}") = "Lib", "Source\Lib\Lib.csproj", "{66DA64AB-D8DE-485C-B72A-115D45A061BF}"
EndProject
Global
	GlobalSection(SolutionConfigurationPlatforms) = preSolution
		Debug|Any CPU = Debug|Any CPU
		Release|Any CPU = Release|Any CPU
	EndGlobalSection
	GlobalSection(ProjectConfigurationPlatforms) = postSolution
		{F7B82328-E811-42B7-98B2-F99EFA3048C5}.Debug|Any CPU.ActiveCfg = Debug|Any CPU
		{F7B82328-E811-42B7-98B2-F99EFA3048C5}.Debug|Any CPU.Build.0 = Debug|Any CPU
		{F7B82328-E811-42B7-98B2-F99EFA3048C5}.Release|Any CPU.ActiveCfg = Release|Any CPU
		{F7B82328-E811-42B7-98B2-F99EFA3048C5}.Release|Any CPU.Build.0 = Release|Any CPU
		{7AD6BD79-E369-4345-866E-CA4DE6D1E2D2}.Debug|Any CPU.ActiveCfg = Debug|Any CPU
		{7AD6BD79-E369-4345-866E-CA4DE6D1E2D2}.Debug|Any CPU.Build.0 = Debug|Any CPU
		{7AD6BD79-E369-4345-866E-CA4DE6D1E2D2}.Release|Any CPU.ActiveCfg = Release|Any CPU
		{7AD6BD79-E369-4345-866E-CA4DE6D1E2D2}.Release|Any CPU.Build.0 = Release|Any CPU
		{66DA64AB-D8DE-485C-B72A-115D45A061BF}.Debug|Any CPU.ActiveCfg = Debug|Any CPU
		{66DA64AB-D8DE-485C-B72A-115D45A061BF}.Debug|Any CPU.Build.0 = Debug|Any CPU
		{66DA64AB-D8DE-485C-B72A-115D45A061BF}.Release|Any CPU.ActiveCfg = Release|Any CPU
		{66DA64AB-D8DE-485C-B72A-115D45A061BF}.Release|Any CPU.Build.0 = Release|Any CPU
	EndGlobalSection
	GlobalSection(SolutionProperties) = preSolution
		HideSolutionNode = FALSE
	EndGlobalSection
	GlobalSection(NestedProjects) = preSolution
		{F7B82328-E811-42B7-98B2-F99EFA3048C5} = {250E788E-C4A2-4DC9-BC44-BBEC4D03DFB4}
		{7AD6BD79-E369-4345-866E-CA4DE6D1E2D2} = {250E788E-C4A2-4DC9-BC44-BBEC4D03DFB4}
		{66DA64AB-D8DE-485C-B72A-115D45A061BF} = {AC36A650-14DF-400E-A49D-5BBD4AC0A286}
	EndGlobalSection
	GlobalSection(ExtensibilityGlobals) = postSolution
		SolutionGuid = {E25BC85F-9CA6-4E7E-AD86-60F32555163E}
	EndGlobalSection
EndGlobal
