
Microsoft Visual Studio Solution File, Format Version 12.00
# Visual Studio 15
VisualStudioVersion = 15.0.26124.0
MinimumVisualStudioVersion = 15.0.26124.0
Project("{FAE04EC0-301F-11D3-BF4B-00C04F79EFBC}") = "Noises", "Noises\Noises.csproj", "{1E26F586-F14A-473C-8708-A3DF14DFC7A7}"
EndProject
Project("{FAE04EC0-301F-11D3-BF4B-00C04F79EFBC}") = "VectorsMath", "VectorsMath\VectorsMath.csproj", "{A7149EF1-F4A8-425F-A677-99352558802D}"
EndProject
Global
	GlobalSection(SolutionConfigurationPlatforms) = preSolution
		Debug|Any CPU = Debug|Any CPU
		Debug|x64 = Debug|x64
		Debug|x86 = Debug|x86
		Release|Any CPU = Release|Any CPU
		Release|x64 = Release|x64
		Release|x86 = Release|x86
	EndGlobalSection
	GlobalSection(SolutionProperties) = preSolution
		HideSolutionNode = FALSE
	EndGlobalSection
	GlobalSection(ProjectConfigurationPlatforms) = postSolution
		{1E26F586-F14A-473C-8708-A3DF14DFC7A7}.Debug|Any CPU.ActiveCfg = Debug|Any CPU
		{1E26F586-F14A-473C-8708-A3DF14DFC7A7}.Debug|Any CPU.Build.0 = Debug|Any CPU
		{1E26F586-F14A-473C-8708-A3DF14DFC7A7}.Debug|x64.ActiveCfg = Debug|Any CPU
		{1E26F586-F14A-473C-8708-A3DF14DFC7A7}.Debug|x64.Build.0 = Debug|Any CPU
		{1E26F586-F14A-473C-8708-A3DF14DFC7A7}.Debug|x86.ActiveCfg = Debug|Any CPU
		{1E26F586-F14A-473C-8708-A3DF14DFC7A7}.Debug|x86.Build.0 = Debug|Any CPU
		{1E26F586-F14A-473C-8708-A3DF14DFC7A7}.Release|Any CPU.ActiveCfg = Release|Any CPU
		{1E26F586-F14A-473C-8708-A3DF14DFC7A7}.Release|Any CPU.Build.0 = Release|Any CPU
		{1E26F586-F14A-473C-8708-A3DF14DFC7A7}.Release|x64.ActiveCfg = Release|Any CPU
		{1E26F586-F14A-473C-8708-A3DF14DFC7A7}.Release|x64.Build.0 = Release|Any CPU
		{1E26F586-F14A-473C-8708-A3DF14DFC7A7}.Release|x86.ActiveCfg = Release|Any CPU
		{1E26F586-F14A-473C-8708-A3DF14DFC7A7}.Release|x86.Build.0 = Release|Any CPU
		{A7149EF1-F4A8-425F-A677-99352558802D}.Debug|Any CPU.ActiveCfg = Debug|Any CPU
		{A7149EF1-F4A8-425F-A677-99352558802D}.Debug|Any CPU.Build.0 = Debug|Any CPU
		{A7149EF1-F4A8-425F-A677-99352558802D}.Debug|x64.ActiveCfg = Debug|Any CPU
		{A7149EF1-F4A8-425F-A677-99352558802D}.Debug|x64.Build.0 = Debug|Any CPU
		{A7149EF1-F4A8-425F-A677-99352558802D}.Debug|x86.ActiveCfg = Debug|Any CPU
		{A7149EF1-F4A8-425F-A677-99352558802D}.Debug|x86.Build.0 = Debug|Any CPU
		{A7149EF1-F4A8-425F-A677-99352558802D}.Release|Any CPU.ActiveCfg = Release|Any CPU
		{A7149EF1-F4A8-425F-A677-99352558802D}.Release|Any CPU.Build.0 = Release|Any CPU
		{A7149EF1-F4A8-425F-A677-99352558802D}.Release|x64.ActiveCfg = Release|Any CPU
		{A7149EF1-F4A8-425F-A677-99352558802D}.Release|x64.Build.0 = Release|Any CPU
		{A7149EF1-F4A8-425F-A677-99352558802D}.Release|x86.ActiveCfg = Release|Any CPU
		{A7149EF1-F4A8-425F-A677-99352558802D}.Release|x86.Build.0 = Release|Any CPU
	EndGlobalSection
EndGlobal
